
Microsoft Visual Studio Solution File, Format Version 12.00
# Visual Studio Version 17
VisualStudioVersion = 17.9.34622.214
MinimumVisualStudioVersion = 10.0.40219.1
Project("{FAE04EC0-301F-11D3-BF4B-00C04F79EFBC}") = "BalancedLife.Application", "BalancedLife.Application\BalancedLife.Application.csproj", "{BF6B9FAE-C3EC-4B58-B0F9-317B7FF25CDC}"
EndProject
Project("{FAE04EC0-301F-11D3-BF4B-00C04F79EFBC}") = "BalancedLife.Infra.Data", "BalancedLife.Infra.Data\BalancedLife.Infra.Data.csproj", "{B3C15F36-4952-40F4-B8A8-2353E405B53B}"
EndProject
Project("{FAE04EC0-301F-11D3-BF4B-00C04F79EFBC}") = "BalancedLife.Infra.IOC", "BalancedLife.Infra.IOC\BalancedLife.Infra.IOC.csproj", "{6AB620E7-AE1E-424D-B005-8C20808358F7}"
EndProject
Project("{FAE04EC0-301F-11D3-BF4B-00C04F79EFBC}") = "BalancedLife.Domain", "BalancedLife.Domain\BalancedLife.Domain.csproj", "{75C79793-32AF-41DC-9232-1FC0E9928C60}"
EndProject
Project("{FAE04EC0-301F-11D3-BF4B-00C04F79EFBC}") = "BalancedLife.API", "BalancedLife.API\BalancedLife.API.csproj", "{84763D0D-0552-4140-BDB5-EF0766CEE162}"
EndProject
Global
	GlobalSection(SolutionConfigurationPlatforms) = preSolution
		Debug|Any CPU = Debug|Any CPU
		Release|Any CPU = Release|Any CPU
	EndGlobalSection
	GlobalSection(ProjectConfigurationPlatforms) = postSolution
		{BF6B9FAE-C3EC-4B58-B0F9-317B7FF25CDC}.Debug|Any CPU.ActiveCfg = Debug|Any CPU
		{BF6B9FAE-C3EC-4B58-B0F9-317B7FF25CDC}.Debug|Any CPU.Build.0 = Debug|Any CPU
		{BF6B9FAE-C3EC-4B58-B0F9-317B7FF25CDC}.Release|Any CPU.ActiveCfg = Release|Any CPU
		{BF6B9FAE-C3EC-4B58-B0F9-317B7FF25CDC}.Release|Any CPU.Build.0 = Release|Any CPU
		{B3C15F36-4952-40F4-B8A8-2353E405B53B}.Debug|Any CPU.ActiveCfg = Debug|Any CPU
		{B3C15F36-4952-40F4-B8A8-2353E405B53B}.Debug|Any CPU.Build.0 = Debug|Any CPU
		{B3C15F36-4952-40F4-B8A8-2353E405B53B}.Release|Any CPU.ActiveCfg = Release|Any CPU
		{B3C15F36-4952-40F4-B8A8-2353E405B53B}.Release|Any CPU.Build.0 = Release|Any CPU
		{6AB620E7-AE1E-424D-B005-8C20808358F7}.Debug|Any CPU.ActiveCfg = Debug|Any CPU
		{6AB620E7-AE1E-424D-B005-8C20808358F7}.Debug|Any CPU.Build.0 = Debug|Any CPU
		{6AB620E7-AE1E-424D-B005-8C20808358F7}.Release|Any CPU.ActiveCfg = Release|Any CPU
		{6AB620E7-AE1E-424D-B005-8C20808358F7}.Release|Any CPU.Build.0 = Release|Any CPU
		{75C79793-32AF-41DC-9232-1FC0E9928C60}.Debug|Any CPU.ActiveCfg = Debug|Any CPU
		{75C79793-32AF-41DC-9232-1FC0E9928C60}.Debug|Any CPU.Build.0 = Debug|Any CPU
		{75C79793-32AF-41DC-9232-1FC0E9928C60}.Release|Any CPU.ActiveCfg = Release|Any CPU
		{75C79793-32AF-41DC-9232-1FC0E9928C60}.Release|Any CPU.Build.0 = Release|Any CPU
		{84763D0D-0552-4140-BDB5-EF0766CEE162}.Debug|Any CPU.ActiveCfg = Debug|Any CPU
		{84763D0D-0552-4140-BDB5-EF0766CEE162}.Debug|Any CPU.Build.0 = Debug|Any CPU
		{84763D0D-0552-4140-BDB5-EF0766CEE162}.Release|Any CPU.ActiveCfg = Release|Any CPU
		{84763D0D-0552-4140-BDB5-EF0766CEE162}.Release|Any CPU.Build.0 = Release|Any CPU
	EndGlobalSection
	GlobalSection(SolutionProperties) = preSolution
		HideSolutionNode = FALSE
	EndGlobalSection
	GlobalSection(ExtensibilityGlobals) = postSolution
		SolutionGuid = {956B593C-0C63-4CCB-8E9E-41AA339C09BD}
	EndGlobalSection
EndGlobal
